Microsoft Visual Studio Solution File, Format Version 11.00
# Visual Studio 2008

Project("{78539530-BE22-B01E-17C3-023CC68D6134}") = "MobFox Unity Demo", "Assembly-CSharp.csproj", "{81448E68-7C88-4274-3865-0F0F52D6B8E7}"
EndProject
Global
	GlobalSection(SolutionConfigurationPlatforms) = preSolution
		Debug|Any CPU = Debug|Any CPU
		Release|Any CPU = Release|Any CPU
	EndGlobalSection
	GlobalSection(ProjectConfigurationPlatforms) = postSolution
		{81448E68-7C88-4274-3865-0F0F52D6B8E7}.Debug|Any CPU.ActiveCfg = Debug|Any CPU
		{81448E68-7C88-4274-3865-0F0F52D6B8E7}.Debug|Any CPU.Build.0 = Debug|Any CPU
		{81448E68-7C88-4274-3865-0F0F52D6B8E7}.Release|Any CPU.ActiveCfg = Release|Any CPU
		{81448E68-7C88-4274-3865-0F0F52D6B8E7}.Release|Any CPU.Build.0 = Release|Any CPU
	EndGlobalSection
	GlobalSection(SolutionProperties) = preSolution
		HideSolutionNode = FALSE
	EndGlobalSection
	GlobalSection(MonoDevelopProperties) = preSolution
		StartupItem = Assembly-CSharp.csproj
	EndGlobalSection
EndGlobal
